
Microsoft Visual Studio Solution File, Format Version 12.00
# Visual Studio Version 16
VisualStudioVersion = 16.0.29215.179
MinimumVisualStudioVersion = 10.0.40219.1
Project("{FAE04EC0-301F-11D3-BF4B-00C04F79EFBC}") = "ConsoleApp1", "ConsoleApp1\ConsoleApp1.csproj", "{8FA41636-6B7A-4014-9E94-A69E4A654482}"
EndProject
Global
	GlobalSection(SolutionConfigurationPlatforms) = preSolution
		Debug|Any CPU = Debug|Any CPU
		Release|Any CPU = Release|Any CPU
	EndGlobalSection
	GlobalSection(ProjectConfigurationPlatforms) = postSolution
		{8FA41636-6B7A-4014-9E94-A69E4A654482}.Debug|Any CPU.ActiveCfg = Debug|Any CPU
		{8FA41636-6B7A-4014-9E94-A69E4A654482}.Debug|Any CPU.Build.0 = Debug|Any CPU
		{8FA41636-6B7A-4014-9E94-A69E4A654482}.Release|Any CPU.ActiveCfg = Release|Any CPU
		{8FA41636-6B7A-4014-9E94-A69E4A654482}.Release|Any CPU.Build.0 = Release|Any CPU
	EndGlobalSection
	GlobalSection(SolutionProperties) = preSolution
		HideSolutionNode = FALSE
	EndGlobalSection
	GlobalSection(ExtensibilityGlobals) = postSolution
		SolutionGuid = {F0BB0E15-DEE2-4F68-8AF8-C9C4B3EAAF4E}
	EndGlobalSection
EndGlobal
